
Microsoft Visual Studio Solution File, Format Version 12.00
# Visual Studio Version 17
VisualStudioVersion = 17.4.33205.214
MinimumVisualStudioVersion = 10.0.40219.1
Project("{2150E333-8FDC-42A3-9474-1A3956D46DE8}") = "src", "src", "{C3672BE8-FA33-40F5-ACF9-DA5CA1B8C7C4}"
EndProject
Project("{2150E333-8FDC-42A3-9474-1A3956D46DE8}") = "test", "test", "{E198BDAA-7800-418B-B45A-B232F0345F83}"
EndProject
Project("{2150E333-8FDC-42A3-9474-1A3956D46DE8}") = "solution items", "solution items", "{0BB672C9-DC9F-46DF-B858-B685D3C69526}"
	ProjectSection(SolutionItems) = preProject
		Directory.Packages.props = Directory.Packages.props
		README.md = README.md
	EndProjectSection
EndProject
Project("{2150E333-8FDC-42A3-9474-1A3956D46DE8}") = "resources", "resources", "{44043CCA-B127-4B48-ADE4-163C36867F4B}"
EndProject
Project("{2150E333-8FDC-42A3-9474-1A3956D46DE8}") = "database", "database", "{2EDCA0F3-E7C5-45DF-8D0F-B096EA8E796E}"
	ProjectSection(SolutionItems) = preProject
		Resources\Database\Open Planning Poker - Game Engine DB Schema.png = Resources\Database\Open Planning Poker - Game Engine DB Schema.png
		Resources\Database\Open Planning Poker - Game Engine DB Schema_code.txt = Resources\Database\Open Planning Poker - Game Engine DB Schema_code.txt
	EndProjectSection
EndProject
Global
	GlobalSection(SolutionProperties) = preSolution
		HideSolutionNode = FALSE
	EndGlobalSection
	GlobalSection(NestedProjects) = preSolution
		{44043CCA-B127-4B48-ADE4-163C36867F4B} = {0BB672C9-DC9F-46DF-B858-B685D3C69526}
		{2EDCA0F3-E7C5-45DF-8D0F-B096EA8E796E} = {0BB672C9-DC9F-46DF-B858-B685D3C69526}
	EndGlobalSection
	GlobalSection(ExtensibilityGlobals) = postSolution
		SolutionGuid = {86AE6888-9D89-4CB7-918F-72F30024A42E}
	EndGlobalSection
EndGlobal
