
Microsoft Visual Studio Solution File, Format Version 12.00
# Visual Studio Version 17
VisualStudioVersion = 17.4.33205.214
MinimumVisualStudioVersion = 10.0.40219.1
Project("{9A19103F-16F7-4668-BE54-9A1E7A4F7556}") = "OpenPlanningPoker.GameEngine.Domain", "src\OpenPlanningPoker.GameEngine.Domain\OpenPlanningPoker.GameEngine.Domain.csproj", "{1217CEB8-A46E-41B0-9F2D-BEE42F62F435}"
EndProject
Project("{2150E333-8FDC-42A3-9474-1A3956D46DE8}") = "src", "src", "{C3672BE8-FA33-40F5-ACF9-DA5CA1B8C7C4}"
EndProject
Project("{9A19103F-16F7-4668-BE54-9A1E7A4F7556}") = "OpenPlanningPoker.GameEngine.Infrastructure", "src\OpenPlanningPoker.GameEngine.Infrastructure\OpenPlanningPoker.GameEngine.Infrastructure.csproj", "{64CD87DD-7B82-4F9E-997C-D4A7BCBD7CED}"
EndProject
Project("{9A19103F-16F7-4668-BE54-9A1E7A4F7556}") = "OpenPlanningPoker.GameEngine.Application", "src\OpenPlanningPoker.GameEngine.Application\OpenPlanningPoker.GameEngine.Application.csproj", "{4063527B-C9FA-4502-8868-4280BFB6F6F6}"
EndProject
Project("{9A19103F-16F7-4668-BE54-9A1E7A4F7556}") = "OpenPlanningPoker.GameEngine.Api", "src\OpenPlanningPoker.GameEngine.Api\OpenPlanningPoker.GameEngine.Api.csproj", "{48BFE13B-27BA-431F-BA6E-BFDC2D633ABB}"
EndProject
Project("{E53339B2-1760-4266-BCC7-CA923CBCF16C}") = "docker-compose", "docker-compose.dcproj", "{262D4524-F8C5-441C-9598-BFC0A863E0B1}"
EndProject
Project("{2150E333-8FDC-42A3-9474-1A3956D46DE8}") = "test", "test", "{E198BDAA-7800-418B-B45A-B232F0345F83}"
EndProject
Project("{2150E333-8FDC-42A3-9474-1A3956D46DE8}") = "solution items", "solution items", "{0BB672C9-DC9F-46DF-B858-B685D3C69526}"
	ProjectSection(SolutionItems) = preProject
		Resources\OpenPlanningPoker.GameEngine.Api.postman_collection.json = Resources\OpenPlanningPoker.GameEngine.Api.postman_collection.json
		README.md = README.md
	EndProjectSection
EndProject
Project("{2150E333-8FDC-42A3-9474-1A3956D46DE8}") = "resources", "resources", "{44043CCA-B127-4B48-ADE4-163C36867F4B}"
EndProject
Project("{9A19103F-16F7-4668-BE54-9A1E7A4F7556}") = "OpenPlanningPoker.GameEngine.Architecture.Tests", "test\OpenPlanningPoker.GameEngine.Architecture.Tests\OpenPlanningPoker.GameEngine.Architecture.Tests.csproj", "{E14622F0-7506-45D1-B88D-9B06C88FCF56}"
EndProject
Project("{9A19103F-16F7-4668-BE54-9A1E7A4F7556}") = "OpenPlanningPoker.GameEngine.Api.Tests", "test\OpenPlanningPoker.GameEngine.Api.Tests\OpenPlanningPoker.GameEngine.Api.Tests.csproj", "{61A80FCE-574F-49C3-9F20-1AC47843A745}"
EndProject
Project("{9A19103F-16F7-4668-BE54-9A1E7A4F7556}") = "OpenPlanningPoker.GameEngine.Application.UnitTests", "test\OpenPlanningPoker.GameEngine.Application.UnitTests\OpenPlanningPoker.GameEngine.Application.UnitTests.csproj", "{204D5F73-2BDD-47BE-96F1-9DFB17223462}"
EndProject
Project("{9A19103F-16F7-4668-BE54-9A1E7A4F7556}") = "OpenPlanningPoker.GameEngine.Domain.UnitTests", "test\OpenPlanningPoker.GameEngine.Domain.UnitTests\OpenPlanningPoker.GameEngine.Domain.UnitTests.csproj", "{4A87B29B-1444-4B61-8FA4-4A235509D70F}"
EndProject
Project("{9A19103F-16F7-4668-BE54-9A1E7A4F7556}") = "OpenPlanningPoker.GameEngine.Worker", "src\OpenPlanningPoker.GameEngine.Worker\OpenPlanningPoker.GameEngine.Worker.csproj", "{C74C58C5-C102-4FD4-ABAB-ADD917C258AF}"
EndProject
Project("{9A19103F-16F7-4668-BE54-9A1E7A4F7556}") = "OpenPlanningPoker.GameEngine.gRPC", "src\OpenPlanningPoker.GameEngine.gRPC\OpenPlanningPoker.GameEngine.gRPC.csproj", "{95B1322A-FFDB-4495-A513-44086723CF60}"
EndProject
Project("{2150E333-8FDC-42A3-9474-1A3956D46DE8}") = "database", "database", "{2EDCA0F3-E7C5-45DF-8D0F-B096EA8E796E}"
	ProjectSection(SolutionItems) = preProject
		Resources\Database\Open Planning Poker - Game Engine DB Schema.png = Resources\Database\Open Planning Poker - Game Engine DB Schema.png
		Resources\Database\Open Planning Poker - Game Engine DB Schema_code.txt = Resources\Database\Open Planning Poker - Game Engine DB Schema_code.txt
	EndProjectSection
EndProject
Project("{9A19103F-16F7-4668-BE54-9A1E7A4F7556}") = "OpenPlanningPoker.GameEngine.Client.Api", "src\OpenPlanningPoker.GameEngine.Client.Api\OpenPlanningPoker.GameEngine.Client.Api.csproj", "{C796EF3B-1522-48C1-9EAB-4740602CDE6E}"
EndProject
Project("{FAE04EC0-301F-11D3-BF4B-00C04F79EFBC}") = "OpenPlanningPoker.GameEngine.Api.Models", "src\OpenPlanningPoker.GameEngine.Api.Models\OpenPlanningPoker.GameEngine.Api.Models.csproj", "{D036CB90-AA57-47F0-9C8F-E4C58E0C666A}"
EndProject
Global
	GlobalSection(SolutionConfigurationPlatforms) = preSolution
		Debug|Any CPU = Debug|Any CPU
		Release|Any CPU = Release|Any CPU
	EndGlobalSection
	GlobalSection(ProjectConfigurationPlatforms) = postSolution
		{1217CEB8-A46E-41B0-9F2D-BEE42F62F435}.Debug|Any CPU.ActiveCfg = Debug|Any CPU
		{1217CEB8-A46E-41B0-9F2D-BEE42F62F435}.Debug|Any CPU.Build.0 = Debug|Any CPU
		{1217CEB8-A46E-41B0-9F2D-BEE42F62F435}.Release|Any CPU.ActiveCfg = Release|Any CPU
		{1217CEB8-A46E-41B0-9F2D-BEE42F62F435}.Release|Any CPU.Build.0 = Release|Any CPU
		{64CD87DD-7B82-4F9E-997C-D4A7BCBD7CED}.Debug|Any CPU.ActiveCfg = Debug|Any CPU
		{64CD87DD-7B82-4F9E-997C-D4A7BCBD7CED}.Debug|Any CPU.Build.0 = Debug|Any CPU
		{64CD87DD-7B82-4F9E-997C-D4A7BCBD7CED}.Release|Any CPU.ActiveCfg = Release|Any CPU
		{64CD87DD-7B82-4F9E-997C-D4A7BCBD7CED}.Release|Any CPU.Build.0 = Release|Any CPU
		{4063527B-C9FA-4502-8868-4280BFB6F6F6}.Debug|Any CPU.ActiveCfg = Debug|Any CPU
		{4063527B-C9FA-4502-8868-4280BFB6F6F6}.Debug|Any CPU.Build.0 = Debug|Any CPU
		{4063527B-C9FA-4502-8868-4280BFB6F6F6}.Release|Any CPU.ActiveCfg = Release|Any CPU
		{4063527B-C9FA-4502-8868-4280BFB6F6F6}.Release|Any CPU.Build.0 = Release|Any CPU
		{48BFE13B-27BA-431F-BA6E-BFDC2D633ABB}.Debug|Any CPU.ActiveCfg = Debug|Any CPU
		{48BFE13B-27BA-431F-BA6E-BFDC2D633ABB}.Debug|Any CPU.Build.0 = Debug|Any CPU
		{48BFE13B-27BA-431F-BA6E-BFDC2D633ABB}.Release|Any CPU.ActiveCfg = Release|Any CPU
		{48BFE13B-27BA-431F-BA6E-BFDC2D633ABB}.Release|Any CPU.Build.0 = Release|Any CPU
		{262D4524-F8C5-441C-9598-BFC0A863E0B1}.Debug|Any CPU.ActiveCfg = Debug|Any CPU
		{262D4524-F8C5-441C-9598-BFC0A863E0B1}.Debug|Any CPU.Build.0 = Debug|Any CPU
		{262D4524-F8C5-441C-9598-BFC0A863E0B1}.Release|Any CPU.ActiveCfg = Release|Any CPU
		{262D4524-F8C5-441C-9598-BFC0A863E0B1}.Release|Any CPU.Build.0 = Release|Any CPU
		{E14622F0-7506-45D1-B88D-9B06C88FCF56}.Debug|Any CPU.ActiveCfg = Debug|Any CPU
		{E14622F0-7506-45D1-B88D-9B06C88FCF56}.Debug|Any CPU.Build.0 = Debug|Any CPU
		{E14622F0-7506-45D1-B88D-9B06C88FCF56}.Release|Any CPU.ActiveCfg = Release|Any CPU
		{E14622F0-7506-45D1-B88D-9B06C88FCF56}.Release|Any CPU.Build.0 = Release|Any CPU
		{61A80FCE-574F-49C3-9F20-1AC47843A745}.Debug|Any CPU.ActiveCfg = Debug|Any CPU
		{61A80FCE-574F-49C3-9F20-1AC47843A745}.Debug|Any CPU.Build.0 = Debug|Any CPU
		{61A80FCE-574F-49C3-9F20-1AC47843A745}.Release|Any CPU.ActiveCfg = Release|Any CPU
		{61A80FCE-574F-49C3-9F20-1AC47843A745}.Release|Any CPU.Build.0 = Release|Any CPU
		{204D5F73-2BDD-47BE-96F1-9DFB17223462}.Debug|Any CPU.ActiveCfg = Debug|Any CPU
		{204D5F73-2BDD-47BE-96F1-9DFB17223462}.Debug|Any CPU.Build.0 = Debug|Any CPU
		{204D5F73-2BDD-47BE-96F1-9DFB17223462}.Release|Any CPU.ActiveCfg = Release|Any CPU
		{204D5F73-2BDD-47BE-96F1-9DFB17223462}.Release|Any CPU.Build.0 = Release|Any CPU
		{4A87B29B-1444-4B61-8FA4-4A235509D70F}.Debug|Any CPU.ActiveCfg = Debug|Any CPU
		{4A87B29B-1444-4B61-8FA4-4A235509D70F}.Debug|Any CPU.Build.0 = Debug|Any CPU
		{4A87B29B-1444-4B61-8FA4-4A235509D70F}.Release|Any CPU.ActiveCfg = Release|Any CPU
		{4A87B29B-1444-4B61-8FA4-4A235509D70F}.Release|Any CPU.Build.0 = Release|Any CPU
		{C74C58C5-C102-4FD4-ABAB-ADD917C258AF}.Debug|Any CPU.ActiveCfg = Debug|Any CPU
		{C74C58C5-C102-4FD4-ABAB-ADD917C258AF}.Debug|Any CPU.Build.0 = Debug|Any CPU
		{C74C58C5-C102-4FD4-ABAB-ADD917C258AF}.Release|Any CPU.ActiveCfg = Release|Any CPU
		{C74C58C5-C102-4FD4-ABAB-ADD917C258AF}.Release|Any CPU.Build.0 = Release|Any CPU
		{95B1322A-FFDB-4495-A513-44086723CF60}.Debug|Any CPU.ActiveCfg = Debug|Any CPU
		{95B1322A-FFDB-4495-A513-44086723CF60}.Debug|Any CPU.Build.0 = Debug|Any CPU
		{95B1322A-FFDB-4495-A513-44086723CF60}.Release|Any CPU.ActiveCfg = Release|Any CPU
		{95B1322A-FFDB-4495-A513-44086723CF60}.Release|Any CPU.Build.0 = Release|Any CPU
		{C796EF3B-1522-48C1-9EAB-4740602CDE6E}.Debug|Any CPU.ActiveCfg = Debug|Any CPU
		{C796EF3B-1522-48C1-9EAB-4740602CDE6E}.Debug|Any CPU.Build.0 = Debug|Any CPU
		{C796EF3B-1522-48C1-9EAB-4740602CDE6E}.Release|Any CPU.ActiveCfg = Release|Any CPU
		{C796EF3B-1522-48C1-9EAB-4740602CDE6E}.Release|Any CPU.Build.0 = Release|Any CPU
		{D036CB90-AA57-47F0-9C8F-E4C58E0C666A}.Debug|Any CPU.ActiveCfg = Debug|Any CPU
		{D036CB90-AA57-47F0-9C8F-E4C58E0C666A}.Debug|Any CPU.Build.0 = Debug|Any CPU
		{D036CB90-AA57-47F0-9C8F-E4C58E0C666A}.Release|Any CPU.ActiveCfg = Release|Any CPU
		{D036CB90-AA57-47F0-9C8F-E4C58E0C666A}.Release|Any CPU.Build.0 = Release|Any CPU
	EndGlobalSection
	GlobalSection(SolutionProperties) = preSolution
		HideSolutionNode = FALSE
	EndGlobalSection
	GlobalSection(NestedProjects) = preSolution
		{1217CEB8-A46E-41B0-9F2D-BEE42F62F435} = {C3672BE8-FA33-40F5-ACF9-DA5CA1B8C7C4}
		{64CD87DD-7B82-4F9E-997C-D4A7BCBD7CED} = {C3672BE8-FA33-40F5-ACF9-DA5CA1B8C7C4}
		{4063527B-C9FA-4502-8868-4280BFB6F6F6} = {C3672BE8-FA33-40F5-ACF9-DA5CA1B8C7C4}
		{48BFE13B-27BA-431F-BA6E-BFDC2D633ABB} = {C3672BE8-FA33-40F5-ACF9-DA5CA1B8C7C4}
		{44043CCA-B127-4B48-ADE4-163C36867F4B} = {0BB672C9-DC9F-46DF-B858-B685D3C69526}
		{E14622F0-7506-45D1-B88D-9B06C88FCF56} = {E198BDAA-7800-418B-B45A-B232F0345F83}
		{61A80FCE-574F-49C3-9F20-1AC47843A745} = {E198BDAA-7800-418B-B45A-B232F0345F83}
		{204D5F73-2BDD-47BE-96F1-9DFB17223462} = {E198BDAA-7800-418B-B45A-B232F0345F83}
		{4A87B29B-1444-4B61-8FA4-4A235509D70F} = {E198BDAA-7800-418B-B45A-B232F0345F83}
		{C74C58C5-C102-4FD4-ABAB-ADD917C258AF} = {C3672BE8-FA33-40F5-ACF9-DA5CA1B8C7C4}
		{95B1322A-FFDB-4495-A513-44086723CF60} = {C3672BE8-FA33-40F5-ACF9-DA5CA1B8C7C4}
		{2EDCA0F3-E7C5-45DF-8D0F-B096EA8E796E} = {0BB672C9-DC9F-46DF-B858-B685D3C69526}
		{C796EF3B-1522-48C1-9EAB-4740602CDE6E} = {C3672BE8-FA33-40F5-ACF9-DA5CA1B8C7C4}
		{D036CB90-AA57-47F0-9C8F-E4C58E0C666A} = {C3672BE8-FA33-40F5-ACF9-DA5CA1B8C7C4}
	EndGlobalSection
	GlobalSection(ExtensibilityGlobals) = postSolution
		SolutionGuid = {86AE6888-9D89-4CB7-918F-72F30024A42E}
	EndGlobalSection
EndGlobal
